
Microsoft Visual Studio Solution File, Format Version 12.00
# Visual Studio Version 17
VisualStudioVersion = 17.0.31903.59
MinimumVisualStudioVersion = 10.0.40219.1
Project("{FAE04EC0-301F-11D3-BF4B-00C04F79EFBC}") = "StockService", "StockService\StockService.csproj", "{A94CC57A-7B86-440C-8DF4-24A214B93BEB}"
EndProject
Global
	GlobalSection(SolutionConfigurationPlatforms) = preSolution
		Debug|Any CPU = Debug|Any CPU
		Release|Any CPU = Release|Any CPU
	EndGlobalSection
	GlobalSection(ProjectConfigurationPlatforms) = postSolution
		{A94CC57A-7B86-440C-8DF4-24A214B93BEB}.Debug|Any CPU.ActiveCfg = Debug|Any CPU
		{A94CC57A-7B86-440C-8DF4-24A214B93BEB}.Debug|Any CPU.Build.0 = Debug|Any CPU
		{A94CC57A-7B86-440C-8DF4-24A214B93BEB}.Release|Any CPU.ActiveCfg = Release|Any CPU
		{A94CC57A-7B86-440C-8DF4-24A214B93BEB}.Release|Any CPU.Build.0 = Release|Any CPU
	EndGlobalSection
	GlobalSection(SolutionProperties) = preSolution
		HideSolutionNode = FALSE
	EndGlobalSection
	GlobalSection(ExtensibilityGlobals) = postSolution
		SolutionGuid = {095625E1-4F65-4A42-A1A4-6BDE72B01C7A}
	EndGlobalSection
EndGlobal
